{
  "name": "tim-uniapp",
  "version": "1.0.0",
  "lockfileVersion": 1,
  "requires": true,
  "dependencies": {
    "@xmldom/xmldom": {
      "version": "0.8.3",
      "resolved": "https://registry.npmjs.org/@xmldom/xmldom/-/xmldom-0.8.3.tgz",
      "integrity": "sha512-Lv2vySXypg4nfa51LY1nU8yDAGo/5YwF+EY/rUZgIbfvwVARcd67ttCM8SMsTeJy51YhHYavEq+FS6R0hW9PFQ=="
    },
    "cos-js-sdk-v5": {
      "version": "1.4.6",
      "resolved": "https://registry.npmjs.org/cos-js-sdk-v5/-/cos-js-sdk-v5-1.4.6.tgz",
      "integrity": "sha512-FTUXjBqtADiNk3O5pwiaiDLQRiD2bt5ZQnP+34rfBszG6DqH6oa7FNpQeI7lnTiCvsfIyE/EcsuCBt7VVQpioQ==",
      "requires": {
        "@xmldom/xmldom": "^0.8.2"
      }
    },
    "tim-js-sdk": {
      "version": "2.1.4",
      "resolved": "https://registry.npm.taobao.org/tim-js-sdk/download/tim-js-sdk-2.1.4.tgz",
      "integrity": "sha1-AWBevOnLC9zxE5i+YfnsP9PtCgw="
    }
  }
}
